// !$*UTF8*$!
{
	archiveVersion = 1;
	classes = {
	};
	objectVersion = 50;
	objects = {

/* Begin PBXBuildFile section */
		5968F4F7234A26F7003272B7 /* PageControl.swift in Sources */ = {isa = PBXBuildFile; fileRef = 5968F4F6234A26F7003272B7 /* PageControl.swift */; };
		5975022F2347FA4F00DD93B0 /* MapView.swift in Sources */ = {isa = PBXBuildFile; fileRef = 5975022E2347FA4F00DD93B0 /* MapView.swift */; };
		597502322347FDE900DD93B0 /* Landmark.swift in Sources */ = {isa = PBXBuildFile; fileRef = 597502312347FDE900DD93B0 /* Landmark.swift */; };
		597502382348029C00DD93B0 /* LandmarkRow.swift in Sources */ = {isa = PBXBuildFile; fileRef = 597502372348029C00DD93B0 /* LandmarkRow.swift */; };
		5975023A2348038400DD93B0 /* DataLoader.swift in Sources */ = {isa = PBXBuildFile; fileRef = 597502392348038400DD93B0 /* DataLoader.swift */; };
		599CB042233902C000D39D10 /* AppDelegate.swift in Sources */ = {isa = PBXBuildFile; fileRef = 599CB041233902C000D39D10 /* AppDelegate.swift */; };
		599CB044233902C000D39D10 /* SceneDelegate.swift in Sources */ = {isa = PBXBuildFile; fileRef = 599CB043233902C000D39D10 /* SceneDelegate.swift */; };
		599CB046233902C000D39D10 /* LandmarkDetail.swift in Sources */ = {isa = PBXBuildFile; fileRef = 599CB045233902C000D39D10 /* LandmarkDetail.swift */; };
		599CB048233902C200D39D10 /* Assets.xcassets in Resources */ = {isa = PBXBuildFile; fileRef = 599CB047233902C200D39D10 /* Assets.xcassets */; };
		599CB04B233902C200D39D10 /* Preview Assets.xcassets in Resources */ = {isa = PBXBuildFile; fileRef = 599CB04A233902C200D39D10 /* Preview Assets.xcassets */; };
		599CB04E233902C200D39D10 /* LaunchScreen.storyboard in Resources */ = {isa = PBXBuildFile; fileRef = 599CB04C233902C200D39D10 /* LaunchScreen.storyboard */; };
		599CB059233902C200D39D10 /* SwiftUITests.swift in Sources */ = {isa = PBXBuildFile; fileRef = 599CB058233902C200D39D10 /* SwiftUITests.swift */; };
		599CB06423390E1500D39D10 /* CircleImage.swift in Sources */ = {isa = PBXBuildFile; fileRef = 599CB06323390E1500D39D10 /* CircleImage.swift */; };
		59B524CB234865E60028FF79 /* LandmarkList.swift in Sources */ = {isa = PBXBuildFile; fileRef = 59B524CA234865E60028FF79 /* LandmarkList.swift */; };
		59B52503234892A20028FF79 /* UserData.swift in Sources */ = {isa = PBXBuildFile; fileRef = 59B52502234892A20028FF79 /* UserData.swift */; };
		59B5250523489DF30028FF79 /* Badge.swift in Sources */ = {isa = PBXBuildFile; fileRef = 59B5250423489DF30028FF79 /* Badge.swift */; };
		59B5250723489E780028FF79 /* HexagonParameters.swift in Sources */ = {isa = PBXBuildFile; fileRef = 59B5250623489E780028FF79 /* HexagonParameters.swift */; };
		59B525092348A5F50028FF79 /* BadgeBackground.swift in Sources */ = {isa = PBXBuildFile; fileRef = 59B525082348A5F50028FF79 /* BadgeBackground.swift */; };
		59B5250B2348A69A0028FF79 /* BadgeSymbol.swift in Sources */ = {isa = PBXBuildFile; fileRef = 59B5250A2348A69A0028FF79 /* BadgeSymbol.swift */; };
		59B5250D2348A6F00028FF79 /* RotatedBadgeSymbol.swift in Sources */ = {isa = PBXBuildFile; fileRef = 59B5250C2348A6F00028FF79 /* RotatedBadgeSymbol.swift */; };
		59B5250F2348D86D0028FF79 /* Home.swift in Sources */ = {isa = PBXBuildFile; fileRef = 59B5250E2348D86D0028FF79 /* Home.swift */; };
		59B525112348D9D80028FF79 /* CategoryRow.swift in Sources */ = {isa = PBXBuildFile; fileRef = 59B525102348D9D80028FF79 /* CategoryRow.swift */; };
		59B52514234956550028FF79 /* ProfileHost.swift in Sources */ = {isa = PBXBuildFile; fileRef = 59B52513234956550028FF79 /* ProfileHost.swift */; };
		59B52516234957E30028FF79 /* Profile.swift in Sources */ = {isa = PBXBuildFile; fileRef = 59B52515234957E30028FF79 /* Profile.swift */; };
		59B5251823499E1B0028FF79 /* ProfileSummary.swift in Sources */ = {isa = PBXBuildFile; fileRef = 59B5251723499E1B0028FF79 /* ProfileSummary.swift */; };
		59B5251A2349A4480028FF79 /* HikeBadge.swift in Sources */ = {isa = PBXBuildFile; fileRef = 59B525192349A4480028FF79 /* HikeBadge.swift */; };
		59B5251C2349A5D30028FF79 /* HikeView.swift in Sources */ = {isa = PBXBuildFile; fileRef = 59B5251B2349A5D30028FF79 /* HikeView.swift */; };
		59B5251E2349A6150028FF79 /* Hike.swift in Sources */ = {isa = PBXBuildFile; fileRef = 59B5251D2349A6150028FF79 /* Hike.swift */; };
		59B525202349A80F0028FF79 /* HikeGraph.swift in Sources */ = {isa = PBXBuildFile; fileRef = 59B5251F2349A80F0028FF79 /* HikeGraph.swift */; };
		59B525222349A84B0028FF79 /* GraphCapsule.swift in Sources */ = {isa = PBXBuildFile; fileRef = 59B525212349A84B0028FF79 /* GraphCapsule.swift */; };
		59B525262349AD030028FF79 /* HikeDetail.swift in Sources */ = {isa = PBXBuildFile; fileRef = 59B525252349AD030028FF79 /* HikeDetail.swift */; };
		59B525282349B4920028FF79 /* ProfileEditor.swift in Sources */ = {isa = PBXBuildFile; fileRef = 59B525272349B4920028FF79 /* ProfileEditor.swift */; };
		59E778892349CB7600B1C528 /* PageViewController.swift in Sources */ = {isa = PBXBuildFile; fileRef = 59E778882349CB7600B1C528 /* PageViewController.swift */; };
		59E7788B2349F77D00B1C528 /* PageView.swift in Sources */ = {isa = PBXBuildFile; fileRef = 59E7788A2349F77D00B1C528 /* PageView.swift */; };
		59E7788D2349FB5B00B1C528 /* FeatureCard.swift in Sources */ = {isa = PBXBuildFile; fileRef = 59E7788C2349FB5B00B1C528 /* FeatureCard.swift */; };
		59E778A02349FC0B00B1C528 /* hiddenlake.jpg in Resources */ = {isa = PBXBuildFile; fileRef = 59E7788E2349FC0900B1C528 /* hiddenlake.jpg */; };
		59E778A12349FC0B00B1C528 /* hikeData.json in Resources */ = {isa = PBXBuildFile; fileRef = 59E7788F2349FC0900B1C528 /* hikeData.json */; };
		59E778A22349FC0B00B1C528 /* turtlerock_feature.jpg in Resources */ = {isa = PBXBuildFile; fileRef = 59E778902349FC0900B1C528 /* turtlerock_feature.jpg */; };
		59E778A32349FC0B00B1C528 /* chilkoottrail.jpg in Resources */ = {isa = PBXBuildFile; fileRef = 59E778912349FC0900B1C528 /* chilkoottrail.jpg */; };
		59E778A42349FC0B00B1C528 /* icybay.jpg in Resources */ = {isa = PBXBuildFile; fileRef = 59E778922349FC0A00B1C528 /* icybay.jpg */; };
		59E778A52349FC0B00B1C528 /* chincoteague.jpg in Resources */ = {isa = PBXBuildFile; fileRef = 59E778932349FC0A00B1C528 /* chincoteague.jpg */; };
		59E778A62349FC0B00B1C528 /* charleyrivers_feature.jpg in Resources */ = {isa = PBXBuildFile; fileRef = 59E778942349FC0A00B1C528 /* charleyrivers_feature.jpg */; };
		59E778A72349FC0B00B1C528 /* silversalmoncreek.jpg in Resources */ = {isa = PBXBuildFile; fileRef = 59E778952349FC0A00B1C528 /* silversalmoncreek.jpg */; };
		59E778A82349FC0B00B1C528 /* rainbowlake.jpg in Resources */ = {isa = PBXBuildFile; fileRef = 59E778962349FC0A00B1C528 /* rainbowlake.jpg */; };
		59E778A92349FC0B00B1C528 /* stmarylake_feature.jpg in Resources */ = {isa = PBXBuildFile; fileRef = 59E778972349FC0A00B1C528 /* stmarylake_feature.jpg */; };
		59E778AA2349FC0B00B1C528 /* stmarylake.jpg in Resources */ = {isa = PBXBuildFile; fileRef = 59E778982349FC0A00B1C528 /* stmarylake.jpg */; };
		59E778AB2349FC0B00B1C528 /* charleyrivers.jpg in Resources */ = {isa = PBXBuildFile; fileRef = 59E778992349FC0A00B1C528 /* charleyrivers.jpg */; };
		59E778AC2349FC0B00B1C528 /* lakemcdonald.jpg in Resources */ = {isa = PBXBuildFile; fileRef = 59E7789A2349FC0A00B1C528 /* lakemcdonald.jpg */; };
		59E778AD2349FC0B00B1C528 /* turtlerock.jpg in Resources */ = {isa = PBXBuildFile; fileRef = 59E7789B2349FC0A00B1C528 /* turtlerock.jpg */; };
		59E778AE2349FC0B00B1C528 /* twinlake.jpg in Resources */ = {isa = PBXBuildFile; fileRef = 59E7789C2349FC0A00B1C528 /* twinlake.jpg */; };
		59E778AF2349FC0B00B1C528 /* umbagog.jpg in Resources */ = {isa = PBXBuildFile; fileRef = 59E7789D2349FC0A00B1C528 /* umbagog.jpg */; };
		59E778B02349FC0B00B1C528 /* yukon_charleyrivers.jpg in Resources */ = {isa = PBXBuildFile; fileRef = 59E7789E2349FC0A00B1C528 /* yukon_charleyrivers.jpg */; };
		59E778B12349FC0B00B1C528 /* landmarkData.json in Resources */ = {isa = PBXBuildFile; fileRef = 59E7789F2349FC0A00B1C528 /* landmarkData.json */; };
/* End PBXBuildFile section */

/* Begin PBXContainerItemProxy section */
		599CB055233902C200D39D10 /* PBXContainerItemProxy */ = {
			isa = PBXContainerItemProxy;
			containerPortal = 599CB036233902C000D39D10 /* Project object */;
			proxyType = 1;
			remoteGlobalIDString = 599CB03D233902C000D39D10;
			remoteInfo = SwiftUI;
		};
/* End PBXContainerItemProxy section */

/* Begin PBXFileReference section */
		5968F4F6234A26F7003272B7 /* PageControl.swift */ = {isa = PBXFileReference; lastKnownFileType = sourcecode.swift; path = PageControl.swift; sourceTree = "<group>"; };
		5975022E2347FA4F00DD93B0 /* MapView.swift */ = {isa = PBXFileReference; lastKnownFileType = sourcecode.swift; path = MapView.swift; sourceTree = "<group>"; };
		597502312347FDE900DD93B0 /* Landmark.swift */ = {isa = PBXFileReference; lastKnownFileType = sourcecode.swift; path = Landmark.swift; sourceTree = "<group>"; };
		597502372348029C00DD93B0 /* LandmarkRow.swift */ = {isa = PBXFileReference; lastKnownFileType = sourcecode.swift; path = LandmarkRow.swift; sourceTree = "<group>"; };
		597502392348038400DD93B0 /* DataLoader.swift */ = {isa = PBXFileReference; lastKnownFileType = sourcecode.swift; path = DataLoader.swift; sourceTree = "<group>"; };
		599CB03E233902C000D39D10 /* SwiftUIFirst.app */ = {isa = PBXFileReference; explicitFileType = wrapper.application; includeInIndex = 0; path = SwiftUIFirst.app; sourceTree = BUILT_PRODUCTS_DIR; };
		599CB041233902C000D39D10 /* AppDelegate.swift */ = {isa = PBXFileReference; lastKnownFileType = sourcecode.swift; path = AppDelegate.swift; sourceTree = "<group>"; };
		599CB043233902C000D39D10 /* SceneDelegate.swift */ = {isa = PBXFileReference; lastKnownFileType = sourcecode.swift; path = SceneDelegate.swift; sourceTree = "<group>"; };
		599CB045233902C000D39D10 /* LandmarkDetail.swift */ = {isa = PBXFileReference; lastKnownFileType = sourcecode.swift; path = LandmarkDetail.swift; sourceTree = "<group>"; };
		599CB047233902C200D39D10 /* Assets.xcassets */ = {isa = PBXFileReference; lastKnownFileType = folder.assetcatalog; path = Assets.xcassets; sourceTree = "<group>"; };
		599CB04A233902C200D39D10 /* Preview Assets.xcassets */ = {isa = PBXFileReference; lastKnownFileType = folder.assetcatalog; path = "Preview Assets.xcassets"; sourceTree = "<group>"; };
		599CB04D233902C200D39D10 /* Base */ = {isa = PBXFileReference; lastKnownFileType = file.storyboard; name = Base; path = Base.lproj/LaunchScreen.storyboard; sourceTree = "<group>"; };
		599CB04F233902C200D39D10 /* Info.plist */ = {isa = PBXFileReference; lastKnownFileType = text.plist.xml; path = Info.plist; sourceTree = "<group>"; };
		599CB054233902C200D39D10 /* SwiftUITests.xctest */ = {isa = PBXFileReference; explicitFileType = wrapper.cfbundle; includeInIndex = 0; path = SwiftUITests.xctest; sourceTree = BUILT_PRODUCTS_DIR; };
		599CB058233902C200D39D10 /* SwiftUITests.swift */ = {isa = PBXFileReference; lastKnownFileType = sourcecode.swift; path = SwiftUITests.swift; sourceTree = "<group>"; };
		599CB05A233902C200D39D10 /* Info.plist */ = {isa = PBXFileReference; lastKnownFileType = text.plist.xml; path = Info.plist; sourceTree = "<group>"; };
		599CB06323390E1500D39D10 /* CircleImage.swift */ = {isa = PBXFileReference; lastKnownFileType = sourcecode.swift; path = CircleImage.swift; sourceTree = "<group>"; };
		59B524CA234865E60028FF79 /* LandmarkList.swift */ = {isa = PBXFileReference; lastKnownFileType = sourcecode.swift; path = LandmarkList.swift; sourceTree = "<group>"; };
		59B52502234892A20028FF79 /* UserData.swift */ = {isa = PBXFileReference; lastKnownFileType = sourcecode.swift; path = UserData.swift; sourceTree = "<group>"; };
		59B5250423489DF30028FF79 /* Badge.swift */ = {isa = PBXFileReference; lastKnownFileType = sourcecode.swift; path = Badge.swift; sourceTree = "<group>"; };
		59B5250623489E780028FF79 /* HexagonParameters.swift */ = {isa = PBXFileReference; lastKnownFileType = sourcecode.swift; path = HexagonParameters.swift; sourceTree = "<group>"; };
		59B525082348A5F50028FF79 /* BadgeBackground.swift */ = {isa = PBXFileReference; lastKnownFileType = sourcecode.swift; path = BadgeBackground.swift; sourceTree = "<group>"; };
		59B5250A2348A69A0028FF79 /* BadgeSymbol.swift */ = {isa = PBXFileReference; lastKnownFileType = sourcecode.swift; path = BadgeSymbol.swift; sourceTree = "<group>"; };
		59B5250C2348A6F00028FF79 /* RotatedBadgeSymbol.swift */ = {isa = PBXFileReference; lastKnownFileType = sourcecode.swift; path = RotatedBadgeSymbol.swift; sourceTree = "<group>"; };
		59B5250E2348D86D0028FF79 /* Home.swift */ = {isa = PBXFileReference; lastKnownFileType = sourcecode.swift; path = Home.swift; sourceTree = "<group>"; };
		59B525102348D9D80028FF79 /* CategoryRow.swift */ = {isa = PBXFileReference; lastKnownFileType = sourcecode.swift; path = CategoryRow.swift; sourceTree = "<group>"; };
		59B52513234956550028FF79 /* ProfileHost.swift */ = {isa = PBXFileReference; lastKnownFileType = sourcecode.swift; path = ProfileHost.swift; sourceTree = "<group>"; };
		59B52515234957E30028FF79 /* Profile.swift */ = {isa = PBXFileReference; lastKnownFileType = sourcecode.swift; path = Profile.swift; sourceTree = "<group>"; };
		59B5251723499E1B0028FF79 /* ProfileSummary.swift */ = {isa = PBXFileReference; lastKnownFileType = sourcecode.swift; path = ProfileSummary.swift; sourceTree = "<group>"; };
		59B525192349A4480028FF79 /* HikeBadge.swift */ = {isa = PBXFileReference; lastKnownFileType = sourcecode.swift; path = HikeBadge.swift; sourceTree = "<group>"; };
		59B5251B2349A5D30028FF79 /* HikeView.swift */ = {isa = PBXFileReference; lastKnownFileType = sourcecode.swift; path = HikeView.swift; sourceTree = "<group>"; };
		59B5251D2349A6150028FF79 /* Hike.swift */ = {isa = PBXFileReference; lastKnownFileType = sourcecode.swift; path = Hike.swift; sourceTree = "<group>"; };
		59B5251F2349A80F0028FF79 /* HikeGraph.swift */ = {isa = PBXFileReference; lastKnownFileType = sourcecode.swift; path = HikeGraph.swift; sourceTree = "<group>"; };
		59B525212349A84B0028FF79 /* GraphCapsule.swift */ = {isa = PBXFileReference; lastKnownFileType = sourcecode.swift; path = GraphCapsule.swift; sourceTree = "<group>"; };
		59B525252349AD030028FF79 /* HikeDetail.swift */ = {isa = PBXFileReference; lastKnownFileType = sourcecode.swift; path = HikeDetail.swift; sourceTree = "<group>"; };
		59B525272349B4920028FF79 /* ProfileEditor.swift */ = {isa = PBXFileReference; lastKnownFileType = sourcecode.swift; path = ProfileEditor.swift; sourceTree = "<group>"; };
		59E778882349CB7600B1C528 /* PageViewController.swift */ = {isa = PBXFileReference; lastKnownFileType = sourcecode.swift; path = PageViewController.swift; sourceTree = "<group>"; };
		59E7788A2349F77D00B1C528 /* PageView.swift */ = {isa = PBXFileReference; lastKnownFileType = sourcecode.swift; path = PageView.swift; sourceTree = "<group>"; };
		59E7788C2349FB5B00B1C528 /* FeatureCard.swift */ = {isa = PBXFileReference; lastKnownFileType = sourcecode.swift; path = FeatureCard.swift; sourceTree = "<group>"; };
		59E7788E2349FC0900B1C528 /* hiddenlake.jpg */ = {isa = PBXFileReference; lastKnownFileType = image.jpeg; path = hiddenlake.jpg; sourceTree = "<group>"; };
		59E7788F2349FC0900B1C528 /* hikeData.json */ = {isa = PBXFileReference; fileEncoding = 4; lastKnownFileType = text.json; path = hikeData.json; sourceTree = "<group>"; };
		59E778902349FC0900B1C528 /* turtlerock_feature.jpg */ = {isa = PBXFileReference; lastKnownFileType = image.jpeg; path = turtlerock_feature.jpg; sourceTree = "<group>"; };
		59E778912349FC0900B1C528 /* chilkoottrail.jpg */ = {isa = PBXFileReference; lastKnownFileType = image.jpeg; path = chilkoottrail.jpg; sourceTree = "<group>"; };
		59E778922349FC0A00B1C528 /* icybay.jpg */ = {isa = PBXFileReference; lastKnownFileType = image.jpeg; path = icybay.jpg; sourceTree = "<group>"; };
		59E778932349FC0A00B1C528 /* chincoteague.jpg */ = {isa = PBXFileReference; lastKnownFileType = image.jpeg; path = chincoteague.jpg; sourceTree = "<group>"; };
		59E778942349FC0A00B1C528 /* charleyrivers_feature.jpg */ = {isa = PBXFileReference; lastKnownFileType = image.jpeg; path = charleyrivers_feature.jpg; sourceTree = "<group>"; };
		59E778952349FC0A00B1C528 /* silversalmoncreek.jpg */ = {isa = PBXFileReference; lastKnownFileType = image.jpeg; path = silversalmoncreek.jpg; sourceTree = "<group>"; };
		59E778962349FC0A00B1C528 /* rainbowlake.jpg */ = {isa = PBXFileReference; lastKnownFileType = image.jpeg; path = rainbowlake.jpg; sourceTree = "<group>"; };
		59E778972349FC0A00B1C528 /* stmarylake_feature.jpg */ = {isa = PBXFileReference; lastKnownFileType = image.jpeg; path = stmarylake_feature.jpg; sourceTree = "<group>"; };
		59E778982349FC0A00B1C528 /* stmarylake.jpg */ = {isa = PBXFileReference; lastKnownFileType = image.jpeg; path = stmarylake.jpg; sourceTree = "<group>"; };
		59E778992349FC0A00B1C528 /* charleyrivers.jpg */ = {isa = PBXFileReference; lastKnownFileType = image.jpeg; path = charleyrivers.jpg; sourceTree = "<group>"; };
		59E7789A2349FC0A00B1C528 /* lakemcdonald.jpg */ = {isa = PBXFileReference; lastKnownFileType = image.jpeg; path = lakemcdonald.jpg; sourceTree = "<group>"; };
		59E7789B2349FC0A00B1C528 /* turtlerock.jpg */ = {isa = PBXFileReference; lastKnownFileType = image.jpeg; path = turtlerock.jpg; sourceTree = "<group>"; };
		59E7789C2349FC0A00B1C528 /* twinlake.jpg */ = {isa = PBXFileReference; lastKnownFileType = image.jpeg; path = twinlake.jpg; sourceTree = "<group>"; };
		59E7789D2349FC0A00B1C528 /* umbagog.jpg */ = {isa = PBXFileReference; lastKnownFileType = image.jpeg; path = umbagog.jpg; sourceTree = "<group>"; };
		59E7789E2349FC0A00B1C528 /* yukon_charleyrivers.jpg */ = {isa = PBXFileReference; lastKnownFileType = image.jpeg; path = yukon_charleyrivers.jpg; sourceTree = "<group>"; };
		59E7789F2349FC0A00B1C528 /* landmarkData.json */ = {isa = PBXFileReference; fileEncoding = 4; lastKnownFileType = text.json; path = landmarkData.json; sourceTree = "<group>"; };
/* End PBXFileReference section */

/* Begin PBXFrameworksBuildPhase section */
		599CB03B233902C000D39D10 /* Frameworks */ = {
			isa = PBXFrameworksBuildPhase;
			buildActionMask = 2147483647;
			files = (
			);
			runOnlyForDeploymentPostprocessing = 0;
		};
		599CB051233902C200D39D10 /* Frameworks */ = {
			isa = PBXFrameworksBuildPhase;
			buildActionMask = 2147483647;
			files = (
			);
			runOnlyForDeploymentPostprocessing = 0;
		};
/* End PBXFrameworksBuildPhase section */

/* Begin PBXGroup section */
		597502302347FDC900DD93B0 /* Models */ = {
			isa = PBXGroup;
			children = (
				597502312347FDE900DD93B0 /* Landmark.swift */,
				59B52515234957E30028FF79 /* Profile.swift */,
				59B52502234892A20028FF79 /* UserData.swift */,
				59B5251D2349A6150028FF79 /* Hike.swift */,
			);
			path = Models;
			sourceTree = "<group>";
		};
		597502332347FFF300DD93B0 /* Resources */ = {
			isa = PBXGroup;
			children = (
				59E778942349FC0A00B1C528 /* charleyrivers_feature.jpg */,
				59E778992349FC0A00B1C528 /* charleyrivers.jpg */,
				59E778912349FC0900B1C528 /* chilkoottrail.jpg */,
				59E778932349FC0A00B1C528 /* chincoteague.jpg */,
				59E7788E2349FC0900B1C528 /* hiddenlake.jpg */,
				59E7788F2349FC0900B1C528 /* hikeData.json */,
				59E778922349FC0A00B1C528 /* icybay.jpg */,
				59E7789A2349FC0A00B1C528 /* lakemcdonald.jpg */,
				59E7789F2349FC0A00B1C528 /* landmarkData.json */,
				59E778962349FC0A00B1C528 /* rainbowlake.jpg */,
				59E778952349FC0A00B1C528 /* silversalmoncreek.jpg */,
				59E778972349FC0A00B1C528 /* stmarylake_feature.jpg */,
				59E778982349FC0A00B1C528 /* stmarylake.jpg */,
				59E778902349FC0900B1C528 /* turtlerock_feature.jpg */,
				59E7789B2349FC0A00B1C528 /* turtlerock.jpg */,
				59E7789C2349FC0A00B1C528 /* twinlake.jpg */,
				59E7789D2349FC0A00B1C528 /* umbagog.jpg */,
				59E7789E2349FC0A00B1C528 /* yukon_charleyrivers.jpg */,
			);
			path = Resources;
			sourceTree = "<group>";
		};
		59750236234800DE00DD93B0 /* Supporting Views */ = {
			isa = PBXGroup;
			children = (
				59B5250423489DF30028FF79 /* Badge.swift */,
				59B525082348A5F50028FF79 /* BadgeBackground.swift */,
				59B5250A2348A69A0028FF79 /* BadgeSymbol.swift */,
				599CB06323390E1500D39D10 /* CircleImage.swift */,
				59E7788C2349FB5B00B1C528 /* FeatureCard.swift */,
				5975022E2347FA4F00DD93B0 /* MapView.swift */,
				59B5250C2348A6F00028FF79 /* RotatedBadgeSymbol.swift */,
			);
			path = "Supporting Views";
			sourceTree = "<group>";
		};
		5975023B2348038900DD93B0 /* DataLoader */ = {
			isa = PBXGroup;
			children = (
				597502392348038400DD93B0 /* DataLoader.swift */,
			);
			path = DataLoader;
			sourceTree = "<group>";
		};
		599CB035233902C000D39D10 = {
			isa = PBXGroup;
			children = (
				599CB040233902C000D39D10 /* SwiftUI */,
				599CB057233902C200D39D10 /* SwiftUITests */,
				599CB03F233902C000D39D10 /* Products */,
				599CB05A233902C200D39D10 /* Info.plist */,
			);
			sourceTree = "<group>";
		};
		599CB03F233902C000D39D10 /* Products */ = {
			isa = PBXGroup;
			children = (
				599CB03E233902C000D39D10 /* SwiftUIFirst.app */,
				599CB054233902C200D39D10 /* SwiftUITests.xctest */,
			);
			name = Products;
			sourceTree = "<group>";
		};
		599CB040233902C000D39D10 /* SwiftUI */ = {
			isa = PBXGroup;
			children = (
				5975023B2348038900DD93B0 /* DataLoader */,
				59E778B42349FE1400B1C528 /* Hike */,
				59E778B22349FDC800B1C528 /* Home */,
				59E778B52349FE6B00B1C528 /* Landmark */,
				597502302347FDC900DD93B0 /* Models */,
				59E778B32349FDFF00B1C528 /* Profile */,
				597502332347FFF300DD93B0 /* Resources */,
				59750236234800DE00DD93B0 /* Supporting Views */,
				599CB041233902C000D39D10 /* AppDelegate.swift */,
				599CB043233902C000D39D10 /* SceneDelegate.swift */,
				599CB047233902C200D39D10 /* Assets.xcassets */,
				599CB04C233902C200D39D10 /* LaunchScreen.storyboard */,
				599CB04F233902C200D39D10 /* Info.plist */,
				599CB049233902C200D39D10 /* Preview Content */,
			);
			path = SwiftUI;
			sourceTree = "<group>";
		};
		599CB049233902C200D39D10 /* Preview Content */ = {
			isa = PBXGroup;
			children = (
				599CB04A233902C200D39D10 /* Preview Assets.xcassets */,
			);
			path = "Preview Content";
			sourceTree = "<group>";
		};
		599CB057233902C200D39D10 /* SwiftUITests */ = {
			isa = PBXGroup;
			children = (
				599CB058233902C200D39D10 /* SwiftUITests.swift */,
			);
			path = SwiftUITests;
			sourceTree = "<group>";
		};
		59E778B22349FDC800B1C528 /* Home */ = {
			isa = PBXGroup;
			children = (
				59B5250E2348D86D0028FF79 /* Home.swift */,
				59B525102348D9D80028FF79 /* CategoryRow.swift */,
				5968F4F6234A26F7003272B7 /* PageControl.swift */,
				59E7788A2349F77D00B1C528 /* PageView.swift */,
				59E778882349CB7600B1C528 /* PageViewController.swift */,
			);
			path = Home;
			sourceTree = "<group>";
		};
		59E778B32349FDFF00B1C528 /* Profile */ = {
			isa = PBXGroup;
			children = (
				59B525272349B4920028FF79 /* ProfileEditor.swift */,
				59B52513234956550028FF79 /* ProfileHost.swift */,
				59B5251723499E1B0028FF79 /* ProfileSummary.swift */,
			);
			path = Profile;
			sourceTree = "<group>";
		};
		59E778B42349FE1400B1C528 /* Hike */ = {
			isa = PBXGroup;
			children = (
				59B525212349A84B0028FF79 /* GraphCapsule.swift */,
				59B5250623489E780028FF79 /* HexagonParameters.swift */,
				59B525192349A4480028FF79 /* HikeBadge.swift */,
				59B525252349AD030028FF79 /* HikeDetail.swift */,
				59B5251F2349A80F0028FF79 /* HikeGraph.swift */,
				59B5251B2349A5D30028FF79 /* HikeView.swift */,
			);
			path = Hike;
			sourceTree = "<group>";
		};
		59E778B52349FE6B00B1C528 /* Landmark */ = {
			isa = PBXGroup;
			children = (
				599CB045233902C000D39D10 /* LandmarkDetail.swift */,
				59B524CA234865E60028FF79 /* LandmarkList.swift */,
				597502372348029C00DD93B0 /* LandmarkRow.swift */,
			);
			path = Landmark;
			sourceTree = "<group>";
		};
/* End PBXGroup section */

/* Begin PBXNativeTarget section */
		599CB03D233902C000D39D10 /* SwiftUIFirst */ = {
			isa = PBXNativeTarget;
			buildConfigurationList = 599CB05D233902C200D39D10 /* Build configuration list for PBXNativeTarget "SwiftUIFirst" */;
			buildPhases = (
				599CB03A233902C000D39D10 /* Sources */,
				599CB03B233902C000D39D10 /* Frameworks */,
				599CB03C233902C000D39D10 /* Resources */,
			);
			buildRules = (
			);
			dependencies = (
			);
			name = SwiftUIFirst;
			productName = SwiftUI;
			productReference = 599CB03E233902C000D39D10 /* SwiftUIFirst.app */;
			productType = "com.apple.product-type.application";
		};
		599CB053233902C200D39D10 /* SwiftUITests */ = {
			isa = PBXNativeTarget;
			buildConfigurationList = 599CB060233902C200D39D10 /* Build configuration list for PBXNativeTarget "SwiftUITests" */;
			buildPhases = (
				599CB050233902C200D39D10 /* Sources */,
				599CB051233902C200D39D10 /* Frameworks */,
				599CB052233902C200D39D10 /* Resources */,
			);
			buildRules = (
			);
			dependencies = (
				599CB056233902C200D39D10 /* PBXTargetDependency */,
			);
			name = SwiftUITests;
			productName = SwiftUITests;
			productReference = 599CB054233902C200D39D10 /* SwiftUITests.xctest */;
			productType = "com.apple.product-type.bundle.unit-test";
		};
/* End PBXNativeTarget section */

/* Begin PBXProject section */
		599CB036233902C000D39D10 /* Project object */ = {
			isa = PBXProject;
			attributes = {
				LastSwiftUpdateCheck = 1100;
				LastUpgradeCheck = 1100;
				ORGANIZATIONNAME = Sugawar;
				TargetAttributes = {
					599CB03D233902C000D39D10 = {
						CreatedOnToolsVersion = 11.0;
					};
					599CB053233902C200D39D10 = {
						CreatedOnToolsVersion = 11.0;
						TestTargetID = 599CB03D233902C000D39D10;
					};
				};
			};
			buildConfigurationList = 599CB039233902C000D39D10 /* Build configuration list for PBXProject "SwiftUI" */;
			compatibilityVersion = "Xcode 9.3";
			developmentRegion = en;
			hasScannedForEncodings = 0;
			knownRegions = (
				en,
				Base,
			);
			mainGroup = 599CB035233902C000D39D10;
			productRefGroup = 599CB03F233902C000D39D10 /* Products */;
			projectDirPath = "";
			projectRoot = "";
			targets = (
				599CB03D233902C000D39D10 /* SwiftUIFirst */,
				599CB053233902C200D39D10 /* SwiftUITests */,
			);
		};
/* End PBXProject section */

/* Begin PBXResourcesBuildPhase section */
		599CB03C233902C000D39D10 /* Resources */ = {
			isa = PBXResourcesBuildPhase;
			buildActionMask = 2147483647;
			files = (
				59E778AB2349FC0B00B1C528 /* charleyrivers.jpg in Resources */,
				59E778A62349FC0B00B1C528 /* charleyrivers_feature.jpg in Resources */,
				59E778B12349FC0B00B1C528 /* landmarkData.json in Resources */,
				59E778A82349FC0B00B1C528 /* rainbowlake.jpg in Resources */,
				599CB04E233902C200D39D10 /* LaunchScreen.storyboard in Resources */,
				599CB04B233902C200D39D10 /* Preview Assets.xcassets in Resources */,
				59E778AF2349FC0B00B1C528 /* umbagog.jpg in Resources */,
				59E778A42349FC0B00B1C528 /* icybay.jpg in Resources */,
				59E778AE2349FC0B00B1C528 /* twinlake.jpg in Resources */,
				59E778A92349FC0B00B1C528 /* stmarylake_feature.jpg in Resources */,
				59E778AA2349FC0B00B1C528 /* stmarylake.jpg in Resources */,
				59E778A52349FC0B00B1C528 /* chincoteague.jpg in Resources */,
				59E778A32349FC0B00B1C528 /* chilkoottrail.jpg in Resources */,
				59E778A02349FC0B00B1C528 /* hiddenlake.jpg in Resources */,
				599CB048233902C200D39D10 /* Assets.xcassets in Resources */,
				59E778B02349FC0B00B1C528 /* yukon_charleyrivers.jpg in Resources */,
				59E778A72349FC0B00B1C528 /* silversalmoncreek.jpg in Resources */,
				59E778A12349FC0B00B1C528 /* hikeData.json in Resources */,
				59E778AC2349FC0B00B1C528 /* lakemcdonald.jpg in Resources */,
				59E778AD2349FC0B00B1C528 /* turtlerock.jpg in Resources */,
				59E778A22349FC0B00B1C528 /* turtlerock_feature.jpg in Resources */,
			);
			runOnlyForDeploymentPostprocessing = 0;
		};
		599CB052233902C200D39D10 /* Resources */ = {
			isa = PBXResourcesBuildPhase;
			buildActionMask = 2147483647;
			files = (
			);
			runOnlyForDeploymentPostprocessing = 0;
		};
/* End PBXResourcesBuildPhase section */

/* Begin PBXSourcesBuildPhase section */
		599CB03A233902C000D39D10 /* Sources */ = {
			isa = PBXSourcesBuildPhase;
			buildActionMask = 2147483647;
			files = (
				59B5250723489E780028FF79 /* HexagonParameters.swift in Sources */,
				599CB042233902C000D39D10 /* AppDelegate.swift in Sources */,
				59B5251823499E1B0028FF79 /* ProfileSummary.swift in Sources */,
				597502322347FDE900DD93B0 /* Landmark.swift in Sources */,
				59E7788D2349FB5B00B1C528 /* FeatureCard.swift in Sources */,
				59B5250523489DF30028FF79 /* Badge.swift in Sources */,
				599CB06423390E1500D39D10 /* CircleImage.swift in Sources */,
				59E7788B2349F77D00B1C528 /* PageView.swift in Sources */,
				5975022F2347FA4F00DD93B0 /* MapView.swift in Sources */,
				59B524CB234865E60028FF79 /* LandmarkList.swift in Sources */,
				59B5250B2348A69A0028FF79 /* BadgeSymbol.swift in Sources */,
				59B525112348D9D80028FF79 /* CategoryRow.swift in Sources */,
				59B5250D2348A6F00028FF79 /* RotatedBadgeSymbol.swift in Sources */,
				5975023A2348038400DD93B0 /* DataLoader.swift in Sources */,
				59B525092348A5F50028FF79 /* BadgeBackground.swift in Sources */,
				59B525202349A80F0028FF79 /* HikeGraph.swift in Sources */,
				59B5251C2349A5D30028FF79 /* HikeView.swift in Sources */,
				59E778892349CB7600B1C528 /* PageViewController.swift in Sources */,
				59B5251A2349A4480028FF79 /* HikeBadge.swift in Sources */,
				599CB044233902C000D39D10 /* SceneDelegate.swift in Sources */,
				597502382348029C00DD93B0 /* LandmarkRow.swift in Sources */,
				59B52503234892A20028FF79 /* UserData.swift in Sources */,
				59B52514234956550028FF79 /* ProfileHost.swift in Sources */,
				59B525222349A84B0028FF79 /* GraphCapsule.swift in Sources */,
				59B525262349AD030028FF79 /* HikeDetail.swift in Sources */,
				59B5251E2349A6150028FF79 /* Hike.swift in Sources */,
				59B52516234957E30028FF79 /* Profile.swift in Sources */,
				5968F4F7234A26F7003272B7 /* PageControl.swift in Sources */,
				59B5250F2348D86D0028FF79 /* Home.swift in Sources */,
				599CB046233902C000D39D10 /* LandmarkDetail.swift in Sources */,
				59B525282349B4920028FF79 /* ProfileEditor.swift in Sources */,
			);
			runOnlyForDeploymentPostprocessing = 0;
		};
		599CB050233902C200D39D10 /* Sources */ = {
			isa = PBXSourcesBuildPhase;
			buildActionMask = 2147483647;
			files = (
				599CB059233902C200D39D10 /* SwiftUITests.swift in Sources */,
			);
			runOnlyForDeploymentPostprocessing = 0;
		};
/* End PBXSourcesBuildPhase section */

/* Begin PBXTargetDependency section */
		599CB056233902C200D39D10 /* PBXTargetDependency */ = {
			isa = PBXTargetDependency;
			target = 599CB03D233902C000D39D10 /* SwiftUIFirst */;
			targetProxy = 599CB055233902C200D39D10 /* PBXContainerItemProxy */;
		};
/* End PBXTargetDependency section */

/* Begin PBXVariantGroup section */
		599CB04C233902C200D39D10 /* LaunchScreen.storyboard */ = {
			isa = PBXVariantGroup;
			children = (
				599CB04D233902C200D39D10 /* Base */,
			);
			name = LaunchScreen.storyboard;
			sourceTree = "<group>";
		};
/* End PBXVariantGroup section */

/* Begin XCBuildConfiguration section */
		599CB05B233902C200D39D10 /* Debug */ = {
			isa = XCBuildConfiguration;
			buildSettings = {
				ALWAYS_SEARCH_USER_PATHS = NO;
				CLANG_ANALYZER_NONNULL = YES;
				CLANG_ANALYZER_NUMBER_OBJECT_CONVERSION = YES_AGGRESSIVE;
				CLANG_CXX_LANGUAGE_STANDARD = "gnu++14";
				CLANG_CXX_LIBRARY = "libc++";
				CLANG_ENABLE_MODULES = YES;
				CLANG_ENABLE_OBJC_ARC = YES;
				CLANG_ENABLE_OBJC_WEAK = YES;
				CLANG_WARN_BLOCK_CAPTURE_AUTORELEASING = YES;
				CLANG_WARN_BOOL_CONVERSION = YES;
				CLANG_WARN_COMMA = YES;
				CLANG_WARN_CONSTANT_CONVERSION = YES;
				CLANG_WARN_DEPRECATED_OBJC_IMPLEMENTATIONS = YES;
				CLANG_WARN_DIRECT_OBJC_ISA_USAGE = YES_ERROR;
				CLANG_WARN_DOCUMENTATION_COMMENTS = YES;
				CLANG_WARN_EMPTY_BODY = YES;
				CLANG_WARN_ENUM_CONVERSION = YES;
				CLANG_WARN_INFINITE_RECURSION = YES;
				CLANG_WARN_INT_CONVERSION = YES;
				CLANG_WARN_NON_LITERAL_NULL_CONVERSION = YES;
				CLANG_WARN_OBJC_IMPLICIT_RETAIN_SELF = YES;
				CLANG_WARN_OBJC_LITERAL_CONVERSION = YES;
				CLANG_WARN_OBJC_ROOT_CLASS = YES_ERROR;
				CLANG_WARN_RANGE_LOOP_ANALYSIS = YES;
				CLANG_WARN_STRICT_PROTOTYPES = YES;
				CLANG_WARN_SUSPICIOUS_MOVE = YES;
				CLANG_WARN_UNGUARDED_AVAILABILITY = YES_AGGRESSIVE;
				CLANG_WARN_UNREACHABLE_CODE = YES;
				CLANG_WARN__DUPLICATE_METHOD_MATCH = YES;
				COPY_PHASE_STRIP = NO;
				DEBUG_INFORMATION_FORMAT = dwarf;
				ENABLE_STRICT_OBJC_MSGSEND = YES;
				ENABLE_TESTABILITY = YES;
				GCC_C_LANGUAGE_STANDARD = gnu11;
				GCC_DYNAMIC_NO_PIC = NO;
				GCC_NO_COMMON_BLOCKS = YES;
				GCC_OPTIMIZATION_LEVEL = 0;
				GCC_PREPROCESSOR_DEFINITIONS = (
					"DEBUG=1",
					"$(inherited)",
				);
				GCC_WARN_64_TO_32_BIT_CONVERSION = YES;
				GCC_WARN_ABOUT_RETURN_TYPE = YES_ERROR;
				GCC_WARN_UNDECLARED_SELECTOR = YES;
				GCC_WARN_UNINITIALIZED_AUTOS = YES_AGGRESSIVE;
				GCC_WARN_UNUSED_FUNCTION = YES;
				GCC_WARN_UNUSED_VARIABLE = YES;
				IPHONEOS_DEPLOYMENT_TARGET = 13.0;
				MTL_ENABLE_DEBUG_INFO = INCLUDE_SOURCE;
				MTL_FAST_MATH = YES;
				ONLY_ACTIVE_ARCH = YES;
				SDKROOT = iphoneos;
				SWIFT_ACTIVE_COMPILATION_CONDITIONS = DEBUG;
				SWIFT_OPTIMIZATION_LEVEL = "-Onone";
			};
			name = Debug;
		};
		599CB05C233902C200D39D10 /* Release */ = {
			isa = XCBuildConfiguration;
			buildSettings = {
				ALWAYS_SEARCH_USER_PATHS = NO;
				CLANG_ANALYZER_NONNULL = YES;
				CLANG_ANALYZER_NUMBER_OBJECT_CONVERSION = YES_AGGRESSIVE;
				CLANG_CXX_LANGUAGE_STANDARD = "gnu++14";
				CLANG_CXX_LIBRARY = "libc++";
				CLANG_ENABLE_MODULES = YES;
				CLANG_ENABLE_OBJC_ARC = YES;
				CLANG_ENABLE_OBJC_WEAK = YES;
				CLANG_WARN_BLOCK_CAPTURE_AUTORELEASING = YES;
				CLANG_WARN_BOOL_CONVERSION = YES;
				CLANG_WARN_COMMA = YES;
				CLANG_WARN_CONSTANT_CONVERSION = YES;
				CLANG_WARN_DEPRECATED_OBJC_IMPLEMENTATIONS = YES;
				CLANG_WARN_DIRECT_OBJC_ISA_USAGE = YES_ERROR;
				CLANG_WARN_DOCUMENTATION_COMMENTS = YES;
				CLANG_WARN_EMPTY_BODY = YES;
				CLANG_WARN_ENUM_CONVERSION = YES;
				CLANG_WARN_INFINITE_RECURSION = YES;
				CLANG_WARN_INT_CONVERSION = YES;
				CLANG_WARN_NON_LITERAL_NULL_CONVERSION = YES;
				CLANG_WARN_OBJC_IMPLICIT_RETAIN_SELF = YES;
				CLANG_WARN_OBJC_LITERAL_CONVERSION = YES;
				CLANG_WARN_OBJC_ROOT_CLASS = YES_ERROR;
				CLANG_WARN_RANGE_LOOP_ANALYSIS = YES;
				CLANG_WARN_STRICT_PROTOTYPES = YES;
				CLANG_WARN_SUSPICIOUS_MOVE = YES;
				CLANG_WARN_UNGUARDED_AVAILABILITY = YES_AGGRESSIVE;
				CLANG_WARN_UNREACHABLE_CODE = YES;
				CLANG_WARN__DUPLICATE_METHOD_MATCH = YES;
				COPY_PHASE_STRIP = NO;
				DEBUG_INFORMATION_FORMAT = "dwarf-with-dsym";
				ENABLE_NS_ASSERTIONS = NO;
				ENABLE_STRICT_OBJC_MSGSEND = YES;
				GCC_C_LANGUAGE_STANDARD = gnu11;
				GCC_NO_COMMON_BLOCKS = YES;
				GCC_WARN_64_TO_32_BIT_CONVERSION = YES;
				GCC_WARN_ABOUT_RETURN_TYPE = YES_ERROR;
				GCC_WARN_UNDECLARED_SELECTOR = YES;
				GCC_WARN_UNINITIALIZED_AUTOS = YES_AGGRESSIVE;
				GCC_WARN_UNUSED_FUNCTION = YES;
				GCC_WARN_UNUSED_VARIABLE = YES;
				IPHONEOS_DEPLOYMENT_TARGET = 13.0;
				MTL_ENABLE_DEBUG_INFO = NO;
				MTL_FAST_MATH = YES;
				SDKROOT = iphoneos;
				SWIFT_COMPILATION_MODE = wholemodule;
				SWIFT_OPTIMIZATION_LEVEL = "-O";
				VALIDATE_PRODUCT = YES;
			};
			name = Release;
		};
		599CB05E233902C200D39D10 /* Debug */ = {
			isa = XCBuildConfiguration;
			buildSettings = {
				ASSETCATALOG_COMPILER_APPICON_NAME = AppIcon;
				CODE_SIGN_STYLE = Automatic;
				DEVELOPMENT_ASSET_PATHS = "\"SwiftUI/Preview Content\"";
				ENABLE_PREVIEWS = YES;
				INFOPLIST_FILE = SwiftUI/Info.plist;
				LD_RUNPATH_SEARCH_PATHS = (
					"$(inherited)",
					"@executable_path/Frameworks",
				);
				PRODUCT_BUNDLE_IDENTIFIER = com.sugawar.SwiftUIFirst;
				PRODUCT_NAME = "$(TARGET_NAME)";
				SWIFT_VERSION = 5.0;
				TARGETED_DEVICE_FAMILY = "1,2";
			};
			name = Debug;
		};
		599CB05F233902C200D39D10 /* Release */ = {
			isa = XCBuildConfiguration;
			buildSettings = {
				ASSETCATALOG_COMPILER_APPICON_NAME = AppIcon;
				CODE_SIGN_STYLE = Automatic;
				DEVELOPMENT_ASSET_PATHS = "\"SwiftUI/Preview Content\"";
				ENABLE_PREVIEWS = YES;
				INFOPLIST_FILE = SwiftUI/Info.plist;
				LD_RUNPATH_SEARCH_PATHS = (
					"$(inherited)",
					"@executable_path/Frameworks",
				);
				PRODUCT_BUNDLE_IDENTIFIER = com.sugawar.SwiftUIFirst;
				PRODUCT_NAME = "$(TARGET_NAME)";
				SWIFT_VERSION = 5.0;
				TARGETED_DEVICE_FAMILY = "1,2";
			};
			name = Release;
		};
		599CB061233902C200D39D10 /* Debug */ = {
			isa = XCBuildConfiguration;
			buildSettings = {
				ALWAYS_EMBED_SWIFT_STANDARD_LIBRARIES = YES;
				BUNDLE_LOADER = "$(TEST_HOST)";
				CODE_SIGN_STYLE = Automatic;
				INFOPLIST_FILE = SwiftUITests/Info.plist;
				IPHONEOS_DEPLOYMENT_TARGET = 13.0;
				LD_RUNPATH_SEARCH_PATHS = (
					"$(inherited)",
					"@executable_path/Frameworks",
					"@loader_path/Frameworks",
				);
				PRODUCT_BUNDLE_IDENTIFIER = com.sugawar.SwiftUITests;
				PRODUCT_NAME = "$(TARGET_NAME)";
				SWIFT_VERSION = 5.0;
				TARGETED_DEVICE_FAMILY = "1,2";
				TEST_HOST = "$(BUILT_PRODUCTS_DIR)/SwiftUI.app/SwiftUI";
			};
			name = Debug;
		};
		599CB062233902C200D39D10 /* Release */ = {
			isa = XCBuildConfiguration;
			buildSettings = {
				ALWAYS_EMBED_SWIFT_STANDARD_LIBRARIES = YES;
				BUNDLE_LOADER = "$(TEST_HOST)";
				CODE_SIGN_STYLE = Automatic;
				INFOPLIST_FILE = SwiftUITests/Info.plist;
				IPHONEOS_DEPLOYMENT_TARGET = 13.0;
				LD_RUNPATH_SEARCH_PATHS = (
					"$(inherited)",
					"@executable_path/Frameworks",
					"@loader_path/Frameworks",
				);
				PRODUCT_BUNDLE_IDENTIFIER = com.sugawar.SwiftUITests;
				PRODUCT_NAME = "$(TARGET_NAME)";
				SWIFT_VERSION = 5.0;
				TARGETED_DEVICE_FAMILY = "1,2";
				TEST_HOST = "$(BUILT_PRODUCTS_DIR)/SwiftUI.app/SwiftUI";
			};
			name = Release;
		};
/* End XCBuildConfiguration section */

/* Begin XCConfigurationList section */
		599CB039233902C000D39D10 /* Build configuration list for PBXProject "SwiftUI" */ = {
			isa = XCConfigurationList;
			buildConfigurations = (
				599CB05B233902C200D39D10 /* Debug */,
				599CB05C233902C200D39D10 /* Release */,
			);
			defaultConfigurationIsVisible = 0;
			defaultConfigurationName = Release;
		};
		599CB05D233902C200D39D10 /* Build configuration list for PBXNativeTarget "SwiftUIFirst" */ = {
			isa = XCConfigurationList;
			buildConfigurations = (
				599CB05E233902C200D39D10 /* Debug */,
				599CB05F233902C200D39D10 /* Release */,
			);
			defaultConfigurationIsVisible = 0;
			defaultConfigurationName = Release;
		};
		599CB060233902C200D39D10 /* Build configuration list for PBXNativeTarget "SwiftUITests" */ = {
			isa = XCConfigurationList;
			buildConfigurations = (
				599CB061233902C200D39D10 /* Debug */,
				599CB062233902C200D39D10 /* Release */,
			);
			defaultConfigurationIsVisible = 0;
			defaultConfigurationName = Release;
		};
/* End XCConfigurationList section */
	};
	rootObject = 599CB036233902C000D39D10 /* Project object */;
}
